// !$*UTF8*$!
{
	archiveVersion = 1;
	classes = {
	};
	objectVersion = 56;
	objects = {

/* Begin PBXBuildFile section */
		37E730E22977F9F80080289F /* MoonshotApp.swift in Sources */ = {isa = PBXBuildFile; fileRef = 37E730E12977F9F80080289F /* MoonshotApp.swift */; };
		37E730E42977F9F80080289F /* ContentView.swift in Sources */ = {isa = PBXBuildFile; fileRef = 37E730E32977F9F80080289F /* ContentView.swift */; };
		37E730E62977F9FA0080289F /* Assets.xcassets in Resources */ = {isa = PBXBuildFile; fileRef = 37E730E52977F9FA0080289F /* Assets.xcassets */; };
		37E730E92977F9FA0080289F /* Preview Assets.xcassets in Resources */ = {isa = PBXBuildFile; fileRef = 37E730E82977F9FA0080289F /* Preview Assets.xcassets */; };
		37E730F02977FA900080289F /* GeometryReadyView.swift in Sources */ = {isa = PBXBuildFile; fileRef = 37E730EF2977FA900080289F /* GeometryReadyView.swift */; };
		37E730F62977FE040080289F /* ScrollViews.swift in Sources */ = {isa = PBXBuildFile; fileRef = 37E730F52977FE040080289F /* ScrollViews.swift */; };
		37E730F8297801C20080289F /* NavigationLinkView.swift in Sources */ = {isa = PBXBuildFile; fileRef = 37E730F7297801C20080289F /* NavigationLinkView.swift */; };
		37E730FA29780B1D0080289F /* CodableView.swift in Sources */ = {isa = PBXBuildFile; fileRef = 37E730F929780B1D0080289F /* CodableView.swift */; };
		37E730FC29780C5A0080289F /* GridsView.swift in Sources */ = {isa = PBXBuildFile; fileRef = 37E730FB29780C5A0080289F /* GridsView.swift */; };
		37E730FF2978188A0080289F /* missions.json in Resources */ = {isa = PBXBuildFile; fileRef = 37E730FD297818890080289F /* missions.json */; };
		37E731002978188A0080289F /* astronauts.json in Resources */ = {isa = PBXBuildFile; fileRef = 37E730FE2978188A0080289F /* astronauts.json */; };
		37E73103297819070080289F /* Astronaut.swift in Sources */ = {isa = PBXBuildFile; fileRef = 37E73102297819070080289F /* Astronaut.swift */; };
		37E73106297819BA0080289F /* Bundle-Decodable.swift in Sources */ = {isa = PBXBuildFile; fileRef = 37E73105297819BA0080289F /* Bundle-Decodable.swift */; };
		37E7310929781C780080289F /* Mission.swift in Sources */ = {isa = PBXBuildFile; fileRef = 37E7310829781C780080289F /* Mission.swift */; };
		37E7310B297827350080289F /* Color-Themes.swift in Sources */ = {isa = PBXBuildFile; fileRef = 37E7310A297827350080289F /* Color-Themes.swift */; };
/* End PBXBuildFile section */

/* Begin PBXFileReference section */
		37E730DE2977F9F80080289F /* Moonshot.app */ = {isa = PBXFileReference; explicitFileType = wrapper.application; includeInIndex = 0; path = Moonshot.app; sourceTree = BUILT_PRODUCTS_DIR; };
		37E730E12977F9F80080289F /* MoonshotApp.swift */ = {isa = PBXFileReference; lastKnownFileType = sourcecode.swift; path = MoonshotApp.swift; sourceTree = "<group>"; };
		37E730E32977F9F80080289F /* ContentView.swift */ = {isa = PBXFileReference; lastKnownFileType = sourcecode.swift; path = ContentView.swift; sourceTree = "<group>"; };
		37E730E52977F9FA0080289F /* Assets.xcassets */ = {isa = PBXFileReference; lastKnownFileType = folder.assetcatalog; path = Assets.xcassets; sourceTree = "<group>"; };
		37E730E82977F9FA0080289F /* Preview Assets.xcassets */ = {isa = PBXFileReference; lastKnownFileType = folder.assetcatalog; path = "Preview Assets.xcassets"; sourceTree = "<group>"; };
		37E730EF2977FA900080289F /* GeometryReadyView.swift */ = {isa = PBXFileReference; lastKnownFileType = sourcecode.swift; path = GeometryReadyView.swift; sourceTree = "<group>"; };
		37E730F52977FE040080289F /* ScrollViews.swift */ = {isa = PBXFileReference; lastKnownFileType = sourcecode.swift; path = ScrollViews.swift; sourceTree = "<group>"; };
		37E730F7297801C20080289F /* NavigationLinkView.swift */ = {isa = PBXFileReference; lastKnownFileType = sourcecode.swift; path = NavigationLinkView.swift; sourceTree = "<group>"; };
		37E730F929780B1D0080289F /* CodableView.swift */ = {isa = PBXFileReference; lastKnownFileType = sourcecode.swift; path = CodableView.swift; sourceTree = "<group>"; };
		37E730FB29780C5A0080289F /* GridsView.swift */ = {isa = PBXFileReference; lastKnownFileType = sourcecode.swift; path = GridsView.swift; sourceTree = "<group>"; };
		37E730FD297818890080289F /* missions.json */ = {isa = PBXFileReference; fileEncoding = 4; lastKnownFileType = text.json; path = missions.json; sourceTree = "<group>"; };
		37E730FE2978188A0080289F /* astronauts.json */ = {isa = PBXFileReference; fileEncoding = 4; lastKnownFileType = text.json; path = astronauts.json; sourceTree = "<group>"; };
		37E73102297819070080289F /* Astronaut.swift */ = {isa = PBXFileReference; lastKnownFileType = sourcecode.swift; path = Astronaut.swift; sourceTree = "<group>"; };
		37E73105297819BA0080289F /* Bundle-Decodable.swift */ = {isa = PBXFileReference; lastKnownFileType = sourcecode.swift; path = "Bundle-Decodable.swift"; sourceTree = "<group>"; };
		37E7310829781C780080289F /* Mission.swift */ = {isa = PBXFileReference; lastKnownFileType = sourcecode.swift; path = Mission.swift; sourceTree = "<group>"; };
		37E7310A297827350080289F /* Color-Themes.swift */ = {isa = PBXFileReference; lastKnownFileType = sourcecode.swift; path = "Color-Themes.swift"; sourceTree = "<group>"; };
/* End PBXFileReference section */

/* Begin PBXFrameworksBuildPhase section */
		37E730DB2977F9F80080289F /* Frameworks */ = {
			isa = PBXFrameworksBuildPhase;
			buildActionMask = 2147483647;
			files = (
			);
			runOnlyForDeploymentPostprocessing = 0;
		};
/* End PBXFrameworksBuildPhase section */

/* Begin PBXGroup section */
		37E730D52977F9F80080289F = {
			isa = PBXGroup;
			children = (
				37E730E02977F9F80080289F /* Moonshot */,
				37E730DF2977F9F80080289F /* Products */,
			);
			sourceTree = "<group>";
		};
		37E730DF2977F9F80080289F /* Products */ = {
			isa = PBXGroup;
			children = (
				37E730DE2977F9F80080289F /* Moonshot.app */,
			);
			name = Products;
			sourceTree = "<group>";
		};
		37E730E02977F9F80080289F /* Moonshot */ = {
			isa = PBXGroup;
			children = (
				37E7310729781C330080289F /* Resource */,
				37E73104297819AD0080289F /* Common */,
				37E73101297818F80080289F /* Model */,
				37E730F929780B1D0080289F /* CodableView.swift */,
				37E730E12977F9F80080289F /* MoonshotApp.swift */,
				37E730E32977F9F80080289F /* ContentView.swift */,
				37E730E52977F9FA0080289F /* Assets.xcassets */,
				37E730E72977F9FA0080289F /* Preview Content */,
				37E730EF2977FA900080289F /* GeometryReadyView.swift */,
				37E730F52977FE040080289F /* ScrollViews.swift */,
				37E730F7297801C20080289F /* NavigationLinkView.swift */,
				37E730FB29780C5A0080289F /* GridsView.swift */,
			);
			path = Moonshot;
			sourceTree = "<group>";
		};
		37E730E72977F9FA0080289F /* Preview Content */ = {
			isa = PBXGroup;
			children = (
				37E730E82977F9FA0080289F /* Preview Assets.xcassets */,
			);
			path = "Preview Content";
			sourceTree = "<group>";
		};
		37E73101297818F80080289F /* Model */ = {
			isa = PBXGroup;
			children = (
				37E73102297819070080289F /* Astronaut.swift */,
				37E7310829781C780080289F /* Mission.swift */,
			);
			path = Model;
			sourceTree = "<group>";
		};
		37E73104297819AD0080289F /* Common */ = {
			isa = PBXGroup;
			children = (
				37E73105297819BA0080289F /* Bundle-Decodable.swift */,
				37E7310A297827350080289F /* Color-Themes.swift */,
			);
			path = Common;
			sourceTree = "<group>";
		};
		37E7310729781C330080289F /* Resource */ = {
			isa = PBXGroup;
			children = (
				37E730FE2978188A0080289F /* astronauts.json */,
				37E730FD297818890080289F /* missions.json */,
			);
			path = Resource;
			sourceTree = "<group>";
		};
/* End PBXGroup section */

/* Begin PBXNativeTarget section */
		37E730DD2977F9F80080289F /* Moonshot */ = {
			isa = PBXNativeTarget;
			buildConfigurationList = 37E730EC2977F9FA0080289F /* Build configuration list for PBXNativeTarget "Moonshot" */;
			buildPhases = (
				37E730DA2977F9F80080289F /* Sources */,
				37E730DB2977F9F80080289F /* Frameworks */,
				37E730DC2977F9F80080289F /* Resources */,
			);
			buildRules = (
			);
			dependencies = (
			);
			name = Moonshot;
			productName = Moonshot;
			productReference = 37E730DE2977F9F80080289F /* Moonshot.app */;
			productType = "com.apple.product-type.application";
		};
/* End PBXNativeTarget section */

/* Begin PBXProject section */
		37E730D62977F9F80080289F /* Project object */ = {
			isa = PBXProject;
			attributes = {
				BuildIndependentTargetsInParallel = 1;
				LastSwiftUpdateCheck = 1420;
				LastUpgradeCheck = 1420;
				TargetAttributes = {
					37E730DD2977F9F80080289F = {
						CreatedOnToolsVersion = 14.2;
					};
				};
			};
			buildConfigurationList = 37E730D92977F9F80080289F /* Build configuration list for PBXProject "Moonshot" */;
			compatibilityVersion = "Xcode 14.0";
			developmentRegion = en;
			hasScannedForEncodings = 0;
			knownRegions = (
				en,
				Base,
			);
			mainGroup = 37E730D52977F9F80080289F;
			productRefGroup = 37E730DF2977F9F80080289F /* Products */;
			projectDirPath = "";
			projectRoot = "";
			targets = (
				37E730DD2977F9F80080289F /* Moonshot */,
			);
		};
/* End PBXProject section */

/* Begin PBXResourcesBuildPhase section */
		37E730DC2977F9F80080289F /* Resources */ = {
			isa = PBXResourcesBuildPhase;
			buildActionMask = 2147483647;
			files = (
				37E730E92977F9FA0080289F /* Preview Assets.xcassets in Resources */,
				37E730FF2978188A0080289F /* missions.json in Resources */,
				37E730E62977F9FA0080289F /* Assets.xcassets in Resources */,
				37E731002978188A0080289F /* astronauts.json in Resources */,
			);
			runOnlyForDeploymentPostprocessing = 0;
		};
/* End PBXResourcesBuildPhase section */

/* Begin PBXSourcesBuildPhase section */
		37E730DA2977F9F80080289F /* Sources */ = {
			isa = PBXSourcesBuildPhase;
			buildActionMask = 2147483647;
			files = (
				37E730E42977F9F80080289F /* ContentView.swift in Sources */,
				37E730FA29780B1D0080289F /* CodableView.swift in Sources */,
				37E730F8297801C20080289F /* NavigationLinkView.swift in Sources */,
				37E73103297819070080289F /* Astronaut.swift in Sources */,
				37E730F62977FE040080289F /* ScrollViews.swift in Sources */,
				37E73106297819BA0080289F /* Bundle-Decodable.swift in Sources */,
				37E730F02977FA900080289F /* GeometryReadyView.swift in Sources */,
				37E730FC29780C5A0080289F /* GridsView.swift in Sources */,
				37E7310B297827350080289F /* Color-Themes.swift in Sources */,
				37E7310929781C780080289F /* Mission.swift in Sources */,
				37E730E22977F9F80080289F /* MoonshotApp.swift in Sources */,
			);
			runOnlyForDeploymentPostprocessing = 0;
		};
/* End PBXSourcesBuildPhase section */

/* Begin XCBuildConfiguration section */
		37E730EA2977F9FA0080289F /* Debug */ = {
			isa = XCBuildConfiguration;
			buildSettings = {
				ALWAYS_SEARCH_USER_PATHS = NO;
				CLANG_ANALYZER_NONNULL = YES;
				CLANG_ANALYZER_NUMBER_OBJECT_CONVERSION = YES_AGGRESSIVE;
				CLANG_CXX_LANGUAGE_STANDARD = "gnu++20";
				CLANG_ENABLE_MODULES = YES;
				CLANG_ENABLE_OBJC_ARC = YES;
				CLANG_ENABLE_OBJC_WEAK = YES;
				CLANG_WARN_BLOCK_CAPTURE_AUTORELEASING = YES;
				CLANG_WARN_BOOL_CONVERSION = YES;
				CLANG_WARN_COMMA = YES;
				CLANG_WARN_CONSTANT_CONVERSION = YES;
				CLANG_WARN_DEPRECATED_OBJC_IMPLEMENTATIONS = YES;
				CLANG_WARN_DIRECT_OBJC_ISA_USAGE = YES_ERROR;
				CLANG_WARN_DOCUMENTATION_COMMENTS = YES;
				CLANG_WARN_EMPTY_BODY = YES;
				CLANG_WARN_ENUM_CONVERSION = YES;
				CLANG_WARN_INFINITE_RECURSION = YES;
				CLANG_WARN_INT_CONVERSION = YES;
				CLANG_WARN_NON_LITERAL_NULL_CONVERSION = YES;
				CLANG_WARN_OBJC_IMPLICIT_RETAIN_SELF = YES;
				CLANG_WARN_OBJC_LITERAL_CONVERSION = YES;
				CLANG_WARN_OBJC_ROOT_CLASS = YES_ERROR;
				CLANG_WARN_QUOTED_INCLUDE_IN_FRAMEWORK_HEADER = YES;
				CLANG_WARN_RANGE_LOOP_ANALYSIS = YES;
				CLANG_WARN_STRICT_PROTOTYPES = YES;
				CLANG_WARN_SUSPICIOUS_MOVE = YES;
				CLANG_WARN_UNGUARDED_AVAILABILITY = YES_AGGRESSIVE;
				CLANG_WARN_UNREACHABLE_CODE = YES;
				CLANG_WARN__DUPLICATE_METHOD_MATCH = YES;
				COPY_PHASE_STRIP = NO;
				DEBUG_INFORMATION_FORMAT = dwarf;
				ENABLE_STRICT_OBJC_MSGSEND = YES;
				ENABLE_TESTABILITY = YES;
				GCC_C_LANGUAGE_STANDARD = gnu11;
				GCC_DYNAMIC_NO_PIC = NO;
				GCC_NO_COMMON_BLOCKS = YES;
				GCC_OPTIMIZATION_LEVEL = 0;
				GCC_PREPROCESSOR_DEFINITIONS = (
					"DEBUG=1",
					"$(inherited)",
				);
				GCC_WARN_64_TO_32_BIT_CONVERSION = YES;
				GCC_WARN_ABOUT_RETURN_TYPE = YES_ERROR;
				GCC_WARN_UNDECLARED_SELECTOR = YES;
				GCC_WARN_UNINITIALIZED_AUTOS = YES_AGGRESSIVE;
				GCC_WARN_UNUSED_FUNCTION = YES;
				GCC_WARN_UNUSED_VARIABLE = YES;
				IPHONEOS_DEPLOYMENT_TARGET = 16.2;
				MTL_ENABLE_DEBUG_INFO = INCLUDE_SOURCE;
				MTL_FAST_MATH = YES;
				ONLY_ACTIVE_ARCH = YES;
				SDKROOT = iphoneos;
				SWIFT_ACTIVE_COMPILATION_CONDITIONS = DEBUG;
				SWIFT_OPTIMIZATION_LEVEL = "-Onone";
			};
			name = Debug;
		};
		37E730EB2977F9FA0080289F /* Release */ = {
			isa = XCBuildConfiguration;
			buildSettings = {
				ALWAYS_SEARCH_USER_PATHS = NO;
				CLANG_ANALYZER_NONNULL = YES;
				CLANG_ANALYZER_NUMBER_OBJECT_CONVERSION = YES_AGGRESSIVE;
				CLANG_CXX_LANGUAGE_STANDARD = "gnu++20";
				CLANG_ENABLE_MODULES = YES;
				CLANG_ENABLE_OBJC_ARC = YES;
				CLANG_ENABLE_OBJC_WEAK = YES;
				CLANG_WARN_BLOCK_CAPTURE_AUTORELEASING = YES;
				CLANG_WARN_BOOL_CONVERSION = YES;
				CLANG_WARN_COMMA = YES;
				CLANG_WARN_CONSTANT_CONVERSION = YES;
				CLANG_WARN_DEPRECATED_OBJC_IMPLEMENTATIONS = YES;
				CLANG_WARN_DIRECT_OBJC_ISA_USAGE = YES_ERROR;
				CLANG_WARN_DOCUMENTATION_COMMENTS = YES;
				CLANG_WARN_EMPTY_BODY = YES;
				CLANG_WARN_ENUM_CONVERSION = YES;
				CLANG_WARN_INFINITE_RECURSION = YES;
				CLANG_WARN_INT_CONVERSION = YES;
				CLANG_WARN_NON_LITERAL_NULL_CONVERSION = YES;
				CLANG_WARN_OBJC_IMPLICIT_RETAIN_SELF = YES;
				CLANG_WARN_OBJC_LITERAL_CONVERSION = YES;
				CLANG_WARN_OBJC_ROOT_CLASS = YES_ERROR;
				CLANG_WARN_QUOTED_INCLUDE_IN_FRAMEWORK_HEADER = YES;
				CLANG_WARN_RANGE_LOOP_ANALYSIS = YES;
				CLANG_WARN_STRICT_PROTOTYPES = YES;
				CLANG_WARN_SUSPICIOUS_MOVE = YES;
				CLANG_WARN_UNGUARDED_AVAILABILITY = YES_AGGRESSIVE;
				CLANG_WARN_UNREACHABLE_CODE = YES;
				CLANG_WARN__DUPLICATE_METHOD_MATCH = YES;
				COPY_PHASE_STRIP = NO;
				DEBUG_INFORMATION_FORMAT = "dwarf-with-dsym";
				ENABLE_NS_ASSERTIONS = NO;
				ENABLE_STRICT_OBJC_MSGSEND = YES;
				GCC_C_LANGUAGE_STANDARD = gnu11;
				GCC_NO_COMMON_BLOCKS = YES;
				GCC_WARN_64_TO_32_BIT_CONVERSION = YES;
				GCC_WARN_ABOUT_RETURN_TYPE = YES_ERROR;
				GCC_WARN_UNDECLARED_SELECTOR = YES;
				GCC_WARN_UNINITIALIZED_AUTOS = YES_AGGRESSIVE;
				GCC_WARN_UNUSED_FUNCTION = YES;
				GCC_WARN_UNUSED_VARIABLE = YES;
				IPHONEOS_DEPLOYMENT_TARGET = 16.2;
				MTL_ENABLE_DEBUG_INFO = NO;
				MTL_FAST_MATH = YES;
				SDKROOT = iphoneos;
				SWIFT_COMPILATION_MODE = wholemodule;
				SWIFT_OPTIMIZATION_LEVEL = "-O";
				VALIDATE_PRODUCT = YES;
			};
			name = Release;
		};
		37E730ED2977F9FA0080289F /* Debug */ = {
			isa = XCBuildConfiguration;
			buildSettings = {
				ASSETCATALOG_COMPILER_APPICON_NAME = AppIcon;
				ASSETCATALOG_COMPILER_GLOBAL_ACCENT_COLOR_NAME = AccentColor;
				CODE_SIGN_STYLE = Automatic;
				CURRENT_PROJECT_VERSION = 1;
				DEVELOPMENT_ASSET_PATHS = "\"Moonshot/Preview Content\"";
				DEVELOPMENT_TEAM = 3L73K388LH;
				ENABLE_PREVIEWS = YES;
				GENERATE_INFOPLIST_FILE = YES;
				INFOPLIST_KEY_UIApplicationSceneManifest_Generation = YES;
				INFOPLIST_KEY_UIApplicationSupportsIndirectInputEvents = YES;
				INFOPLIST_KEY_UILaunchScreen_Generation = YES;
				INFOPLIST_KEY_UISupportedInterfaceOrientations_iPad = "UIInterfaceOrientationPortrait UIInterfaceOrientationPortraitUpsideDown UIInterfaceOrientationLandscapeLeft UIInterfaceOrientationLandscapeRight";
				INFOPLIST_KEY_UISupportedInterfaceOrientations_iPhone = "UIInterfaceOrientationPortrait UIInterfaceOrientationLandscapeLeft UIInterfaceOrientationLandscapeRight";
				LD_RUNPATH_SEARCH_PATHS = (
					"$(inherited)",
					"@executable_path/Frameworks",
				);
				MARKETING_VERSION = 1.0;
				PRODUCT_BUNDLE_IDENTIFIER = com.arfansyah.denny.Moonshot;
				PRODUCT_NAME = "$(TARGET_NAME)";
				SWIFT_EMIT_LOC_STRINGS = YES;
				SWIFT_VERSION = 5.0;
				TARGETED_DEVICE_FAMILY = "1,2";
			};
			name = Debug;
		};
		37E730EE2977F9FA0080289F /* Release */ = {
			isa = XCBuildConfiguration;
			buildSettings = {
				ASSETCATALOG_COMPILER_APPICON_NAME = AppIcon;
				ASSETCATALOG_COMPILER_GLOBAL_ACCENT_COLOR_NAME = AccentColor;
				CODE_SIGN_STYLE = Automatic;
				CURRENT_PROJECT_VERSION = 1;
				DEVELOPMENT_ASSET_PATHS = "\"Moonshot/Preview Content\"";
				DEVELOPMENT_TEAM = 3L73K388LH;
				ENABLE_PREVIEWS = YES;
				GENERATE_INFOPLIST_FILE = YES;
				INFOPLIST_KEY_UIApplicationSceneManifest_Generation = YES;
				INFOPLIST_KEY_UIApplicationSupportsIndirectInputEvents = YES;
				INFOPLIST_KEY_UILaunchScreen_Generation = YES;
				INFOPLIST_KEY_UISupportedInterfaceOrientations_iPad = "UIInterfaceOrientationPortrait UIInterfaceOrientationPortraitUpsideDown UIInterfaceOrientationLandscapeLeft UIInterfaceOrientationLandscapeRight";
				INFOPLIST_KEY_UISupportedInterfaceOrientations_iPhone = "UIInterfaceOrientationPortrait UIInterfaceOrientationLandscapeLeft UIInterfaceOrientationLandscapeRight";
				LD_RUNPATH_SEARCH_PATHS = (
					"$(inherited)",
					"@executable_path/Frameworks",
				);
				MARKETING_VERSION = 1.0;
				PRODUCT_BUNDLE_IDENTIFIER = com.arfansyah.denny.Moonshot;
				PRODUCT_NAME = "$(TARGET_NAME)";
				SWIFT_EMIT_LOC_STRINGS = YES;
				SWIFT_VERSION = 5.0;
				TARGETED_DEVICE_FAMILY = "1,2";
			};
			name = Release;
		};
/* End XCBuildConfiguration section */

/* Begin XCConfigurationList section */
		37E730D92977F9F80080289F /* Build configuration list for PBXProject "Moonshot" */ = {
			isa = XCConfigurationList;
			buildConfigurations = (
				37E730EA2977F9FA0080289F /* Debug */,
				37E730EB2977F9FA0080289F /* Release */,
			);
			defaultConfigurationIsVisible = 0;
			defaultConfigurationName = Release;
		};
		37E730EC2977F9FA0080289F /* Build configuration list for PBXNativeTarget "Moonshot" */ = {
			isa = XCConfigurationList;
			buildConfigurations = (
				37E730ED2977F9FA0080289F /* Debug */,
				37E730EE2977F9FA0080289F /* Release */,
			);
			defaultConfigurationIsVisible = 0;
			defaultConfigurationName = Release;
		};
/* End XCConfigurationList section */
	};
	rootObject = 37E730D62977F9F80080289F /* Project object */;
}
